
Microsoft Visual Studio Solution File, Format Version 12.00
# Visual Studio 15
Project("{FAE04EC0-301F-11D3-BF4B-00C04F79EFBC}") = "AspNetMVCProject", "AspNetMVCProject\AspNetMVCProject.csproj", "{55927DC5-DA6B-428A-8032-AC7AEAD07CCA}"
EndProject
Global
	GlobalSection(SolutionConfigurationPlatforms) = preSolution
		Debug|Any CPU = Debug|Any CPU
		Release|Any CPU = Release|Any CPU
	EndGlobalSection
	GlobalSection(ProjectConfigurationPlatforms) = postSolution
		{55927DC5-DA6B-428A-8032-AC7AEAD07CCA}.Debug|Any CPU.ActiveCfg = Debug|Any CPU
		{55927DC5-DA6B-428A-8032-AC7AEAD07CCA}.Debug|Any CPU.Build.0 = Debug|Any CPU
		{55927DC5-DA6B-428A-8032-AC7AEAD07CCA}.Release|Any CPU.ActiveCfg = Release|Any CPU
		{55927DC5-DA6B-428A-8032-AC7AEAD07CCA}.Release|Any CPU.Build.0 = Release|Any CPU
	EndGlobalSection
EndGlobal
